
Microsoft Visual Studio Solution File, Format Version 12.00
# Visual Studio 15
VisualStudioVersion = 15.0.25914.0
MinimumVisualStudioVersion = 10.0.40219.1
Project("{2150E333-8FDC-42A3-9474-1A3956D46DE8}") = "Solution Items", "Solution Items", "{81D44803-CE12-4B22-A927-B2AAAED3EB99}"
	ProjectSection(SolutionItems) = preProject
		NuGet.config = NuGet.config
		README.md = README.md
		.gitlab-ci.yml = .gitlab-ci.yml
		dotnet-version-bump.sh = dotnet-version-bump.sh
	EndProjectSection
EndProject
Project("{FAE04EC0-301F-11D3-BF4B-00C04F79EFBC}") = "OElite.Restme.Utils", "OElite.Restme.Utils\OElite.Restme.Utils.csproj", "{5EE9A6B7-F763-4C33-B986-057F45CDD6E8}"
EndProject
Project("{FAE04EC0-301F-11D3-BF4B-00C04F79EFBC}") = "OElite.Restme", "OElite.Restme\OElite.Restme.csproj", "{02B1E462-A777-4D4C-979F-E8D92D33FB67}"
EndProject
Project("{FAE04EC0-301F-11D3-BF4B-00C04F79EFBC}") = "OElite.Restme.GoogleUtils", "OElite.Restme.GoogleUtils\OElite.Restme.GoogleUtils.csproj", "{E5DFDE88-25A1-4AC0-BBF6-4A8D9A02B5B1}"
EndProject
Project("{FAE04EC0-301F-11D3-BF4B-00C04F79EFBC}") = "OElite.Restme.Redis", "OElite.Restme.Redis\OElite.Restme.Redis.csproj", "{A1B2C3D4-E5F6-7890-ABCD-EF1234567890}"
EndProject
Project("{FAE04EC0-301F-11D3-BF4B-00C04F79EFBC}") = "OElite.Restme.RabbitMQ", "OElite.Restme.RabbitMQ\OElite.Restme.RabbitMQ.csproj", "{BD79D751-8895-1CBD-5B11-42748B62E6F2}"
EndProject
Project("{FAE04EC0-301F-11D3-BF4B-00C04F79EFBC}") = "OElite.Restme.Azure", "OElite.Restme.Azure\OElite.Restme.Azure.csproj", "{B9A86654-304A-F950-A11C-8CFF35C1AABC}"
EndProject
Project("{FAE04EC0-301F-11D3-BF4B-00C04F79EFBC}") = "OElite.Restme.S3", "OElite.Restme.S3\OElite.Restme.S3.csproj", "{8F515A65-881C-509F-4C0F-0FBA550A3B83}"
EndProject
Project("{FAE04EC0-301F-11D3-BF4B-00C04F79EFBC}") = "OElite.Restme.MongoDb", "OElite.Restme.MongoDb\OElite.Restme.MongoDb.csproj", "{AA3B5FFD-BB47-419A-B454-FC718334AACF}"
EndProject
Project("{FAE04EC0-301F-11D3-BF4B-00C04F79EFBC}") = "OElite.Restme.RateLimiting", "OElite.Restme.RateLimiting\OElite.Restme.RateLimiting.csproj", "{234AEB69-50CF-4D93-AEFD-D3C62FB09674}"
EndProject
Project("{FAE04EC0-301F-11D3-BF4B-00C04F79EFBC}") = "OElite.Restme.Hosting", "OElite.Restme.Hosting\OElite.Restme.Hosting.csproj", "{0312F186-0FAD-4772-8D0C-9BA705694810}"
EndProject

Project("{2150E333-8FDC-42A3-9474-1A3956D46DE8}") = "Tests", "Tests", "{021B2872-F13D-492B-B2D7-BCA98693E81D}"
EndProject
Project("{FAE04EC0-301F-11D3-BF4B-00C04F79EFBC}") = "OElite.Restme.ClickHouse.UnitTests", "tests\OElite.Restme.ClickHouse.UnitTests\OElite.Restme.ClickHouse.UnitTests.csproj", "{9A7DB9AD-8D36-49F1-A9BD-2E74159A3AAD}"
EndProject
Project("{FAE04EC0-301F-11D3-BF4B-00C04F79EFBC}") = "OElite.Restme.ClickHouse", "OElite.Restme.ClickHouse\OElite.Restme.ClickHouse.csproj", "{3E7E8398-660F-417F-B1AF-5D02C998FB29}"
EndProject
Project("{FAE04EC0-301F-11D3-BF4B-00C04F79EFBC}") = "OElite.Restme.Kafka.UnitTests", "tests\OElite.Restme.Kafka.UnitTests\OElite.Restme.Kafka.UnitTests.csproj", "{0BE79F97-CFEE-4DB3-89A9-B0BF7C25DC14}"
EndProject
Project("{FAE04EC0-301F-11D3-BF4B-00C04F79EFBC}") = "OElite.Restme.OpenSearch.UnitTests", "tests\OElite.Restme.OpenSearch.UnitTests\OElite.Restme.OpenSearch.UnitTests.csproj", "{B2ECA88B-DB8C-4068-A032-9D3028313604}"
EndProject
Project("{FAE04EC0-301F-11D3-BF4B-00C04F79EFBC}") = "OElite.Restme.Kafka", "OElite.Restme.Kafka\OElite.Restme.Kafka.csproj", "{0290A09A-6BEC-4F8E-BBD3-2E204F954EE6}"
EndProject
Project("{FAE04EC0-301F-11D3-BF4B-00C04F79EFBC}") = "OElite.Restme.OpenSearch", "OElite.Restme.OpenSearch\OElite.Restme.OpenSearch.csproj", "{A11AC973-41C0-420B-AA0D-BA5212F2B10E}"
EndProject
Project("{FAE04EC0-301F-11D3-BF4B-00C04F79EFBC}") = "OElite.Restme.ClickHouse.IntegrationTests", "tests\OElite.Restme.ClickHouse.IntegrationTests\OElite.Restme.ClickHouse.IntegrationTests.csproj", "{958F5EF0-4DBC-4F63-92A0-493304832D5C}"
EndProject
Project("{FAE04EC0-301F-11D3-BF4B-00C04F79EFBC}") = "OElite.Restme.Kafka.IntegrationTests", "tests\OElite.Restme.Kafka.IntegrationTests\OElite.Restme.Kafka.IntegrationTests.csproj", "{46964AC9-71EE-49D1-8BEB-47D513FCB127}"
EndProject
Project("{FAE04EC0-301F-11D3-BF4B-00C04F79EFBC}") = "OElite.Restme.OpenSearch.IntegrationTests", "tests\OElite.Restme.OpenSearch.IntegrationTests\OElite.Restme.OpenSearch.IntegrationTests.csproj", "{A11AC973-41C0-420B-AA0D-BA5212F2B10E}"
EndProject
Project("{FAE04EC0-301F-11D3-BF4B-00C04F79EFBC}") = "OElite.Restme.MongoDb.IntegrationTests", "tests\OElite.Restme.MongoDb.IntegrationTests\OElite.Restme.MongoDb.IntegrationTests.csproj", "{46905AB6-0586-450C-BD2E-322C55C5FE84}"
EndProject
Global
	GlobalSection(SolutionConfigurationPlatforms) = preSolution
		Debug|Any CPU = Debug|Any CPU
		Debug|x64 = Debug|x64
		Debug|x86 = Debug|x86
		Release|Any CPU = Release|Any CPU
		Release|x64 = Release|x64
		Release|x86 = Release|x86
	EndGlobalSection
	GlobalSection(ProjectConfigurationPlatforms) = postSolution
		{5EE9A6B7-F763-4C33-B986-057F45CDD6E8}.Debug|Any CPU.ActiveCfg = Debug|Any CPU
		{5EE9A6B7-F763-4C33-B986-057F45CDD6E8}.Debug|Any CPU.Build.0 = Debug|Any CPU
		{5EE9A6B7-F763-4C33-B986-057F45CDD6E8}.Debug|x64.ActiveCfg = Debug|Any CPU
		{5EE9A6B7-F763-4C33-B986-057F45CDD6E8}.Debug|x64.Build.0 = Debug|Any CPU
		{5EE9A6B7-F763-4C33-B986-057F45CDD6E8}.Debug|x86.ActiveCfg = Debug|Any CPU
		{5EE9A6B7-F763-4C33-B986-057F45CDD6E8}.Debug|x86.Build.0 = Debug|Any CPU
		{5EE9A6B7-F763-4C33-B986-057F45CDD6E8}.Release|Any CPU.ActiveCfg = Release|Any CPU
		{5EE9A6B7-F763-4C33-B986-057F45CDD6E8}.Release|Any CPU.Build.0 = Release|Any CPU
		{5EE9A6B7-F763-4C33-B986-057F45CDD6E8}.Release|x64.ActiveCfg = Release|Any CPU
		{5EE9A6B7-F763-4C33-B986-057F45CDD6E8}.Release|x64.Build.0 = Release|Any CPU
		{5EE9A6B7-F763-4C33-B986-057F45CDD6E8}.Release|x86.ActiveCfg = Release|Any CPU
		{5EE9A6B7-F763-4C33-B986-057F45CDD6E8}.Release|x86.Build.0 = Release|Any CPU
		{02B1E462-A777-4D4C-979F-E8D92D33FB67}.Debug|Any CPU.ActiveCfg = Debug|Any CPU
		{02B1E462-A777-4D4C-979F-E8D92D33FB67}.Debug|Any CPU.Build.0 = Debug|Any CPU
		{02B1E462-A777-4D4C-979F-E8D92D33FB67}.Debug|x64.ActiveCfg = Debug|Any CPU
		{02B1E462-A777-4D4C-979F-E8D92D33FB67}.Debug|x64.Build.0 = Debug|Any CPU
		{02B1E462-A777-4D4C-979F-E8D92D33FB67}.Debug|x86.ActiveCfg = Debug|Any CPU
		{02B1E462-A777-4D4C-979F-E8D92D33FB67}.Debug|x86.Build.0 = Debug|Any CPU
		{02B1E462-A777-4D4C-979F-E8D92D33FB67}.Release|Any CPU.ActiveCfg = Release|Any CPU
		{02B1E462-A777-4D4C-979F-E8D92D33FB67}.Release|Any CPU.Build.0 = Release|Any CPU
		{02B1E462-A777-4D4C-979F-E8D92D33FB67}.Release|x64.ActiveCfg = Release|Any CPU
		{02B1E462-A777-4D4C-979F-E8D92D33FB67}.Release|x64.Build.0 = Release|Any CPU
		{02B1E462-A777-4D4C-979F-E8D92D33FB67}.Release|x86.ActiveCfg = Release|Any CPU
		{02B1E462-A777-4D4C-979F-E8D92D33FB67}.Release|x86.Build.0 = Release|Any CPU
		{E5DFDE88-25A1-4AC0-BBF6-4A8D9A02B5B1}.Debug|Any CPU.ActiveCfg = Debug|Any CPU
		{E5DFDE88-25A1-4AC0-BBF6-4A8D9A02B5B1}.Debug|Any CPU.Build.0 = Debug|Any CPU
		{E5DFDE88-25A1-4AC0-BBF6-4A8D9A02B5B1}.Debug|x64.ActiveCfg = Debug|Any CPU
		{E5DFDE88-25A1-4AC0-BBF6-4A8D9A02B5B1}.Debug|x64.Build.0 = Debug|Any CPU
		{E5DFDE88-25A1-4AC0-BBF6-4A8D9A02B5B1}.Debug|x86.ActiveCfg = Debug|Any CPU
		{E5DFDE88-25A1-4AC0-BBF6-4A8D9A02B5B1}.Debug|x86.Build.0 = Debug|Any CPU
		{E5DFDE88-25A1-4AC0-BBF6-4A8D9A02B5B1}.Release|Any CPU.ActiveCfg = Release|Any CPU
		{E5DFDE88-25A1-4AC0-BBF6-4A8D9A02B5B1}.Release|Any CPU.Build.0 = Release|Any CPU
		{E5DFDE88-25A1-4AC0-BBF6-4A8D9A02B5B1}.Release|x64.ActiveCfg = Release|Any CPU
		{E5DFDE88-25A1-4AC0-BBF6-4A8D9A02B5B1}.Release|x64.Build.0 = Release|Any CPU
		{E5DFDE88-25A1-4AC0-BBF6-4A8D9A02B5B1}.Release|x86.ActiveCfg = Release|Any CPU
		{E5DFDE88-25A1-4AC0-BBF6-4A8D9A02B5B1}.Release|x86.Build.0 = Release|Any CPU
		{A1B2C3D4-E5F6-7890-ABCD-EF1234567890}.Debug|Any CPU.ActiveCfg = Debug|Any CPU
		{A1B2C3D4-E5F6-7890-ABCD-EF1234567890}.Debug|Any CPU.Build.0 = Debug|Any CPU
		{A1B2C3D4-E5F6-7890-ABCD-EF1234567890}.Debug|x64.ActiveCfg = Debug|Any CPU
		{A1B2C3D4-E5F6-7890-ABCD-EF1234567890}.Debug|x64.Build.0 = Debug|Any CPU
		{A1B2C3D4-E5F6-7890-ABCD-EF1234567890}.Debug|x86.ActiveCfg = Debug|Any CPU
		{A1B2C3D4-E5F6-7890-ABCD-EF1234567890}.Debug|x86.Build.0 = Debug|Any CPU
		{A1B2C3D4-E5F6-7890-ABCD-EF1234567890}.Release|Any CPU.ActiveCfg = Release|Any CPU
		{A1B2C3D4-E5F6-7890-ABCD-EF1234567890}.Release|Any CPU.Build.0 = Release|Any CPU
		{A1B2C3D4-E5F6-7890-ABCD-EF1234567890}.Release|x64.ActiveCfg = Release|Any CPU
		{A1B2C3D4-E5F6-7890-ABCD-EF1234567890}.Release|x64.Build.0 = Release|Any CPU
		{A1B2C3D4-E5F6-7890-ABCD-EF1234567890}.Release|x86.ActiveCfg = Release|Any CPU
		{A1B2C3D4-E5F6-7890-ABCD-EF1234567890}.Release|x86.Build.0 = Release|Any CPU
		{AA3B5FFD-BB47-419A-B454-FC718334AACF}.Debug|Any CPU.ActiveCfg = Debug|Any CPU
		{AA3B5FFD-BB47-419A-B454-FC718334AACF}.Debug|Any CPU.Build.0 = Debug|Any CPU
		{AA3B5FFD-BB47-419A-B454-FC718334AACF}.Debug|x64.ActiveCfg = Debug|Any CPU
		{AA3B5FFD-BB47-419A-B454-FC718334AACF}.Debug|x64.Build.0 = Debug|Any CPU
		{AA3B5FFD-BB47-419A-B454-FC718334AACF}.Debug|x86.ActiveCfg = Debug|Any CPU
		{AA3B5FFD-BB47-419A-B454-FC718334AACF}.Debug|x86.Build.0 = Debug|Any CPU
		{AA3B5FFD-BB47-419A-B454-FC718334AACF}.Release|Any CPU.ActiveCfg = Release|Any CPU
		{AA3B5FFD-BB47-419A-B454-FC718334AACF}.Release|Any CPU.Build.0 = Release|Any CPU
		{AA3B5FFD-BB47-419A-B454-FC718334AACF}.Release|x64.ActiveCfg = Release|Any CPU
		{AA3B5FFD-BB47-419A-B454-FC718334AACF}.Release|x64.Build.0 = Release|Any CPU
		{AA3B5FFD-BB47-419A-B454-FC718334AACF}.Release|x86.ActiveCfg = Release|Any CPU
		{AA3B5FFD-BB47-419A-B454-FC718334AACF}.Release|x86.Build.0 = Release|Any CPU
		{234AEB69-50CF-4D93-AEFD-D3C62FB09674}.Debug|Any CPU.ActiveCfg = Debug|Any CPU
		{234AEB69-50CF-4D93-AEFD-D3C62FB09674}.Debug|Any CPU.Build.0 = Debug|Any CPU
		{234AEB69-50CF-4D93-AEFD-D3C62FB09674}.Debug|x64.ActiveCfg = Debug|Any CPU
		{234AEB69-50CF-4D93-AEFD-D3C62FB09674}.Debug|x64.Build.0 = Debug|Any CPU
		{234AEB69-50CF-4D93-AEFD-D3C62FB09674}.Debug|x86.ActiveCfg = Debug|Any CPU
		{234AEB69-50CF-4D93-AEFD-D3C62FB09674}.Debug|x86.Build.0 = Debug|Any CPU
		{234AEB69-50CF-4D93-AEFD-D3C62FB09674}.Release|Any CPU.ActiveCfg = Release|Any CPU
		{234AEB69-50CF-4D93-AEFD-D3C62FB09674}.Release|Any CPU.Build.0 = Release|Any CPU
		{234AEB69-50CF-4D93-AEFD-D3C62FB09674}.Release|x64.ActiveCfg = Release|Any CPU
		{234AEB69-50CF-4D93-AEFD-D3C62FB09674}.Release|x64.Build.0 = Release|Any CPU
		{234AEB69-50CF-4D93-AEFD-D3C62FB09674}.Release|x86.ActiveCfg = Release|Any CPU
		{234AEB69-50CF-4D93-AEFD-D3C62FB09674}.Release|x86.Build.0 = Release|Any CPU
		{0312F186-0FAD-4772-8D0C-9BA705694810}.Debug|Any CPU.ActiveCfg = Debug|Any CPU
		{0312F186-0FAD-4772-8D0C-9BA705694810}.Debug|Any CPU.Build.0 = Debug|Any CPU
		{0312F186-0FAD-4772-8D0C-9BA705694810}.Debug|x64.ActiveCfg = Debug|Any CPU
		{0312F186-0FAD-4772-8D0C-9BA705694810}.Debug|x64.Build.0 = Debug|Any CPU
		{0312F186-0FAD-4772-8D0C-9BA705694810}.Debug|x86.ActiveCfg = Debug|Any CPU
		{0312F186-0FAD-4772-8D0C-9BA705694810}.Debug|x86.Build.0 = Debug|Any CPU
		{0312F186-0FAD-4772-8D0C-9BA705694810}.Release|Any CPU.ActiveCfg = Release|Any CPU
		{0312F186-0FAD-4772-8D0C-9BA705694810}.Release|Any CPU.Build.0 = Release|Any CPU
		{0312F186-0FAD-4772-8D0C-9BA705694810}.Release|x64.ActiveCfg = Release|Any CPU
		{0312F186-0FAD-4772-8D0C-9BA705694810}.Release|x64.Build.0 = Release|Any CPU
		{0312F186-0FAD-4772-8D0C-9BA705694810}.Release|x86.ActiveCfg = Release|Any CPU
		{0312F186-0FAD-4772-8D0C-9BA705694810}.Release|x86.Build.0 = Release|Any CPU

		{B9A86654-304A-F950-A11C-8CFF35C1AABC}.Release|Any CPU.ActiveCfg = Release|Any CPU
		{B9A86654-304A-F950-A11C-8CFF35C1AABC}.Release|Any CPU.Build.0 = Release|Any CPU
		{BD79D751-8895-1CBD-5B11-42748B62E6F2}.Release|Any CPU.ActiveCfg = Release|Any CPU
		{BD79D751-8895-1CBD-5B11-42748B62E6F2}.Release|Any CPU.Build.0 = Release|Any CPU
		{8F515A65-881C-509F-4C0F-0FBA550A3B83}.Release|Any CPU.ActiveCfg = Release|Any CPU
		{8F515A65-881C-509F-4C0F-0FBA550A3B83}.Release|Any CPU.Build.0 = Release|Any CPU
		{9A7DB9AD-8D36-49F1-A9BD-2E74159A3AAD}.Debug|Any CPU.ActiveCfg = Debug|Any CPU
		{9A7DB9AD-8D36-49F1-A9BD-2E74159A3AAD}.Debug|Any CPU.Build.0 = Debug|Any CPU
		{9A7DB9AD-8D36-49F1-A9BD-2E74159A3AAD}.Debug|x64.ActiveCfg = Debug|Any CPU
		{9A7DB9AD-8D36-49F1-A9BD-2E74159A3AAD}.Debug|x64.Build.0 = Debug|Any CPU
		{9A7DB9AD-8D36-49F1-A9BD-2E74159A3AAD}.Debug|x86.ActiveCfg = Debug|Any CPU
		{9A7DB9AD-8D36-49F1-A9BD-2E74159A3AAD}.Debug|x86.Build.0 = Debug|Any CPU
		{9A7DB9AD-8D36-49F1-A9BD-2E74159A3AAD}.Release|Any CPU.ActiveCfg = Release|Any CPU
		{9A7DB9AD-8D36-49F1-A9BD-2E74159A3AAD}.Release|Any CPU.Build.0 = Release|Any CPU
		{9A7DB9AD-8D36-49F1-A9BD-2E74159A3AAD}.Release|x64.ActiveCfg = Release|Any CPU
		{9A7DB9AD-8D36-49F1-A9BD-2E74159A3AAD}.Release|x64.Build.0 = Release|Any CPU
		{9A7DB9AD-8D36-49F1-A9BD-2E74159A3AAD}.Release|x86.ActiveCfg = Release|Any CPU
		{9A7DB9AD-8D36-49F1-A9BD-2E74159A3AAD}.Release|x86.Build.0 = Release|Any CPU
		{3E7E8398-660F-417F-B1AF-5D02C998FB29}.Debug|Any CPU.ActiveCfg = Debug|Any CPU
		{3E7E8398-660F-417F-B1AF-5D02C998FB29}.Debug|Any CPU.Build.0 = Debug|Any CPU
		{3E7E8398-660F-417F-B1AF-5D02C998FB29}.Debug|x64.ActiveCfg = Debug|Any CPU
		{3E7E8398-660F-417F-B1AF-5D02C998FB29}.Debug|x64.Build.0 = Debug|Any CPU
		{3E7E8398-660F-417F-B1AF-5D02C998FB29}.Debug|x86.ActiveCfg = Debug|Any CPU
		{3E7E8398-660F-417F-B1AF-5D02C998FB29}.Debug|x86.Build.0 = Debug|Any CPU
		{3E7E8398-660F-417F-B1AF-5D02C998FB29}.Release|Any CPU.ActiveCfg = Release|Any CPU
		{3E7E8398-660F-417F-B1AF-5D02C998FB29}.Release|Any CPU.Build.0 = Release|Any CPU
		{3E7E8398-660F-417F-B1AF-5D02C998FB29}.Release|x64.ActiveCfg = Release|Any CPU
		{3E7E8398-660F-417F-B1AF-5D02C998FB29}.Release|x64.Build.0 = Release|Any CPU
		{3E7E8398-660F-417F-B1AF-5D02C998FB29}.Release|x86.ActiveCfg = Release|Any CPU
		{3E7E8398-660F-417F-B1AF-5D02C998FB29}.Release|x86.Build.0 = Release|Any CPU
		{0BE79F97-CFEE-4DB3-89A9-B0BF7C25DC14}.Debug|Any CPU.ActiveCfg = Debug|Any CPU
		{0BE79F97-CFEE-4DB3-89A9-B0BF7C25DC14}.Debug|Any CPU.Build.0 = Debug|Any CPU
		{0BE79F97-CFEE-4DB3-89A9-B0BF7C25DC14}.Debug|x64.ActiveCfg = Debug|Any CPU
		{0BE79F97-CFEE-4DB3-89A9-B0BF7C25DC14}.Debug|x64.Build.0 = Debug|Any CPU
		{0BE79F97-CFEE-4DB3-89A9-B0BF7C25DC14}.Debug|x86.ActiveCfg = Debug|Any CPU
		{0BE79F97-CFEE-4DB3-89A9-B0BF7C25DC14}.Debug|x86.Build.0 = Debug|Any CPU
		{0BE79F97-CFEE-4DB3-89A9-B0BF7C25DC14}.Release|Any CPU.ActiveCfg = Release|Any CPU
		{0BE79F97-CFEE-4DB3-89A9-B0BF7C25DC14}.Release|Any CPU.Build.0 = Release|Any CPU
		{0BE79F97-CFEE-4DB3-89A9-B0BF7C25DC14}.Release|x64.ActiveCfg = Release|Any CPU
		{0BE79F97-CFEE-4DB3-89A9-B0BF7C25DC14}.Release|x64.Build.0 = Release|Any CPU
		{0BE79F97-CFEE-4DB3-89A9-B0BF7C25DC14}.Release|x86.ActiveCfg = Release|Any CPU
		{0BE79F97-CFEE-4DB3-89A9-B0BF7C25DC14}.Release|x86.Build.0 = Release|Any CPU
		{B2ECA88B-DB8C-4068-A032-9D3028313604}.Debug|Any CPU.ActiveCfg = Debug|Any CPU
		{B2ECA88B-DB8C-4068-A032-9D3028313604}.Debug|Any CPU.Build.0 = Debug|Any CPU
		{B2ECA88B-DB8C-4068-A032-9D3028313604}.Debug|x64.ActiveCfg = Debug|Any CPU
		{B2ECA88B-DB8C-4068-A032-9D3028313604}.Debug|x64.Build.0 = Debug|Any CPU
		{B2ECA88B-DB8C-4068-A032-9D3028313604}.Debug|x86.ActiveCfg = Debug|Any CPU
		{B2ECA88B-DB8C-4068-A032-9D3028313604}.Debug|x86.Build.0 = Debug|Any CPU
		{B2ECA88B-DB8C-4068-A032-9D3028313604}.Release|Any CPU.ActiveCfg = Release|Any CPU
		{B2ECA88B-DB8C-4068-A032-9D3028313604}.Release|Any CPU.Build.0 = Release|Any CPU
		{B2ECA88B-DB8C-4068-A032-9D3028313604}.Release|x64.ActiveCfg = Release|Any CPU
		{B2ECA88B-DB8C-4068-A032-9D3028313604}.Release|x64.Build.0 = Release|Any CPU
		{B2ECA88B-DB8C-4068-A032-9D3028313604}.Release|x86.ActiveCfg = Release|Any CPU
		{B2ECA88B-DB8C-4068-A032-9D3028313604}.Release|x86.Build.0 = Release|Any CPU
		{0290A09A-6BEC-4F8E-BBD3-2E204F954EE6}.Debug|Any CPU.ActiveCfg = Debug|Any CPU
		{0290A09A-6BEC-4F8E-BBD3-2E204F954EE6}.Debug|Any CPU.Build.0 = Debug|Any CPU
		{0290A09A-6BEC-4F8E-BBD3-2E204F954EE6}.Debug|x64.ActiveCfg = Debug|Any CPU
		{0290A09A-6BEC-4F8E-BBD3-2E204F954EE6}.Debug|x64.Build.0 = Debug|Any CPU
		{0290A09A-6BEC-4F8E-BBD3-2E204F954EE6}.Debug|x86.ActiveCfg = Debug|Any CPU
		{0290A09A-6BEC-4F8E-BBD3-2E204F954EE6}.Debug|x86.Build.0 = Debug|Any CPU
		{0290A09A-6BEC-4F8E-BBD3-2E204F954EE6}.Release|Any CPU.ActiveCfg = Release|Any CPU
		{0290A09A-6BEC-4F8E-BBD3-2E204F954EE6}.Release|Any CPU.Build.0 = Release|Any CPU
		{0290A09A-6BEC-4F8E-BBD3-2E204F954EE6}.Release|x64.ActiveCfg = Release|Any CPU
		{0290A09A-6BEC-4F8E-BBD3-2E204F954EE6}.Release|x64.Build.0 = Release|Any CPU
		{0290A09A-6BEC-4F8E-BBD3-2E204F954EE6}.Release|x86.ActiveCfg = Release|Any CPU
		{0290A09A-6BEC-4F8E-BBD3-2E204F954EE6}.Release|x86.Build.0 = Release|Any CPU
		{A11AC973-41C0-420B-AA0D-BA5212F2B10E}.Debug|Any CPU.ActiveCfg = Debug|Any CPU
		{A11AC973-41C0-420B-AA0D-BA5212F2B10E}.Debug|Any CPU.Build.0 = Debug|Any CPU
		{A11AC973-41C0-420B-AA0D-BA5212F2B10E}.Debug|x64.ActiveCfg = Debug|Any CPU
		{A11AC973-41C0-420B-AA0D-BA5212F2B10E}.Debug|x64.Build.0 = Debug|Any CPU
		{A11AC973-41C0-420B-AA0D-BA5212F2B10E}.Debug|x86.ActiveCfg = Debug|Any CPU
		{A11AC973-41C0-420B-AA0D-BA5212F2B10E}.Debug|x86.Build.0 = Debug|Any CPU
		{A11AC973-41C0-420B-AA0D-BA5212F2B10E}.Release|Any CPU.ActiveCfg = Release|Any CPU
		{A11AC973-41C0-420B-AA0D-BA5212F2B10E}.Release|Any CPU.Build.0 = Release|Any CPU
		{A11AC973-41C0-420B-AA0D-BA5212F2B10E}.Release|x64.ActiveCfg = Release|Any CPU
		{A11AC973-41C0-420B-AA0D-BA5212F2B10E}.Release|x64.Build.0 = Release|Any CPU
		{A11AC973-41C0-420B-AA0D-BA5212F2B10E}.Release|x86.ActiveCfg = Release|Any CPU
		{A11AC973-41C0-420B-AA0D-BA5212F2B10E}.Release|x86.Build.0 = Release|Any CPU
		{958F5EF0-4DBC-4F63-92A0-493304832D5C}.Debug|Any CPU.ActiveCfg = Debug|Any CPU
		{958F5EF0-4DBC-4F63-92A0-493304832D5C}.Debug|Any CPU.Build.0 = Debug|Any CPU
		{958F5EF0-4DBC-4F63-92A0-493304832D5C}.Debug|x64.ActiveCfg = Debug|Any CPU
		{958F5EF0-4DBC-4F63-92A0-493304832D5C}.Debug|x64.Build.0 = Debug|Any CPU
		{958F5EF0-4DBC-4F63-92A0-493304832D5C}.Debug|x86.ActiveCfg = Debug|Any CPU
		{958F5EF0-4DBC-4F63-92A0-493304832D5C}.Debug|x86.Build.0 = Debug|Any CPU
		{958F5EF0-4DBC-4F63-92A0-493304832D5C}.Release|Any CPU.ActiveCfg = Release|Any CPU
		{958F5EF0-4DBC-4F63-92A0-493304832D5C}.Release|Any CPU.Build.0 = Release|Any CPU
		{958F5EF0-4DBC-4F63-92A0-493304832D5C}.Release|x64.ActiveCfg = Release|Any CPU
		{958F5EF0-4DBC-4F63-92A0-493304832D5C}.Release|x64.Build.0 = Release|Any CPU
		{958F5EF0-4DBC-4F63-92A0-493304832D5C}.Release|x86.ActiveCfg = Release|Any CPU
		{958F5EF0-4DBC-4F63-92A0-493304832D5C}.Release|x86.Build.0 = Release|Any CPU
		{46964AC9-71EE-49D1-8BEB-47D513FCB127}.Debug|Any CPU.ActiveCfg = Debug|Any CPU
		{46964AC9-71EE-49D1-8BEB-47D513FCB127}.Debug|Any CPU.Build.0 = Debug|Any CPU
		{46964AC9-71EE-49D1-8BEB-47D513FCB127}.Debug|x64.ActiveCfg = Debug|Any CPU
		{46964AC9-71EE-49D1-8BEB-47D513FCB127}.Debug|x64.Build.0 = Debug|Any CPU
		{46964AC9-71EE-49D1-8BEB-47D513FCB127}.Debug|x86.ActiveCfg = Debug|Any CPU
		{46964AC9-71EE-49D1-8BEB-47D513FCB127}.Debug|x86.Build.0 = Debug|Any CPU
		{46964AC9-71EE-49D1-8BEB-47D513FCB127}.Release|Any CPU.ActiveCfg = Release|Any CPU
		{46964AC9-71EE-49D1-8BEB-47D513FCB127}.Release|Any CPU.Build.0 = Release|Any CPU
		{46964AC9-71EE-49D1-8BEB-47D513FCB127}.Release|x64.ActiveCfg = Release|Any CPU
		{46964AC9-71EE-49D1-8BEB-47D513FCB127}.Release|x64.Build.0 = Release|Any CPU
		{46964AC9-71EE-49D1-8BEB-47D513FCB127}.Release|x86.ActiveCfg = Release|Any CPU
		{46964AC9-71EE-49D1-8BEB-47D513FCB127}.Release|x86.Build.0 = Release|Any CPU
		{A11AC973-41C0-420B-AA0D-BA5212F2B10E}.Debug|Any CPU.ActiveCfg = Debug|Any CPU
		{A11AC973-41C0-420B-AA0D-BA5212F2B10E}.Debug|Any CPU.Build.0 = Debug|Any CPU
		{A11AC973-41C0-420B-AA0D-BA5212F2B10E}.Debug|x64.ActiveCfg = Debug|Any CPU
		{A11AC973-41C0-420B-AA0D-BA5212F2B10E}.Debug|x64.Build.0 = Debug|Any CPU
		{A11AC973-41C0-420B-AA0D-BA5212F2B10E}.Debug|x86.ActiveCfg = Debug|Any CPU
		{A11AC973-41C0-420B-AA0D-BA5212F2B10E}.Debug|x86.Build.0 = Debug|Any CPU
		{A11AC973-41C0-420B-AA0D-BA5212F2B10E}.Release|Any CPU.ActiveCfg = Release|Any CPU
		{A11AC973-41C0-420B-AA0D-BA5212F2B10E}.Release|Any CPU.Build.0 = Release|Any CPU
		{A11AC973-41C0-420B-AA0D-BA5212F2B10E}.Release|x64.ActiveCfg = Release|Any CPU
		{A11AC973-41C0-420B-AA0D-BA5212F2B10E}.Release|x64.Build.0 = Release|Any CPU
		{A11AC973-41C0-420B-AA0D-BA5212F2B10E}.Release|x86.ActiveCfg = Release|Any CPU
		{A11AC973-41C0-420B-AA0D-BA5212F2B10E}.Release|x86.Build.0 = Release|Any CPU
		{46905AB6-0586-450C-BD2E-322C55C5FE84}.Debug|Any CPU.ActiveCfg = Debug|Any CPU
		{46905AB6-0586-450C-BD2E-322C55C5FE84}.Debug|Any CPU.Build.0 = Debug|Any CPU
		{46905AB6-0586-450C-BD2E-322C55C5FE84}.Debug|x64.ActiveCfg = Debug|Any CPU
		{46905AB6-0586-450C-BD2E-322C55C5FE84}.Debug|x64.Build.0 = Debug|Any CPU
		{46905AB6-0586-450C-BD2E-322C55C5FE84}.Debug|x86.ActiveCfg = Debug|Any CPU
		{46905AB6-0586-450C-BD2E-322C55C5FE84}.Debug|x86.Build.0 = Debug|Any CPU
		{46905AB6-0586-450C-BD2E-322C55C5FE84}.Release|Any CPU.ActiveCfg = Release|Any CPU
		{46905AB6-0586-450C-BD2E-322C55C5FE84}.Release|Any CPU.Build.0 = Release|Any CPU
		{46905AB6-0586-450C-BD2E-322C55C5FE84}.Release|x64.ActiveCfg = Release|Any CPU
		{46905AB6-0586-450C-BD2E-322C55C5FE84}.Release|x64.Build.0 = Release|Any CPU
		{46905AB6-0586-450C-BD2E-322C55C5FE84}.Release|x86.ActiveCfg = Release|Any CPU
		{46905AB6-0586-450C-BD2E-322C55C5FE84}.Release|x86.Build.0 = Release|Any CPU
	EndGlobalSection
	GlobalSection(SolutionProperties) = preSolution
		HideSolutionNode = FALSE
	EndGlobalSection
	GlobalSection(NestedProjects) = preSolution

		{9A7DB9AD-8D36-49F1-A9BD-2E74159A3AAD} = {021B2872-F13D-492B-B2D7-BCA98693E81D}
		{0BE79F97-CFEE-4DB3-89A9-B0BF7C25DC14} = {021B2872-F13D-492B-B2D7-BCA98693E81D}
		{B2ECA88B-DB8C-4068-A032-9D3028313604} = {021B2872-F13D-492B-B2D7-BCA98693E81D}
		{958F5EF0-4DBC-4F63-92A0-493304832D5C} = {021B2872-F13D-492B-B2D7-BCA98693E81D}
		{46964AC9-71EE-49D1-8BEB-47D513FCB127} = {021B2872-F13D-492B-B2D7-BCA98693E81D}
		{A11AC973-41C0-420B-AA0D-BA5212F2B10E} = {021B2872-F13D-492B-B2D7-BCA98693E81D}
		{46905AB6-0586-450C-BD2E-322C55C5FE84} = {021B2872-F13D-492B-B2D7-BCA98693E81D}
	EndGlobalSection
EndGlobal
